
Microsoft Visual Studio Solution File, Format Version 12.00
# Visual Studio 15
VisualStudioVersion = 15.0.27428.2027
MinimumVisualStudioVersion = 10.0.40219.1
Project("{FAE04EC0-301F-11D3-BF4B-00C04F79EFBC}") = "EZGrader.Android", "EZGrader\EZGrader.Android\EZGrader.Android.csproj", "{A2004EA8-C6C8-4948-B3B8-98A60C006010}"
EndProject
Project("{FAE04EC0-301F-11D3-BF4B-00C04F79EFBC}") = "EZGrader", "EZGrader\EZGrader\EZGrader.csproj", "{464450E1-E4DB-4B3D-9BB1-0AEEDB371A96}"
EndProject
Global
	GlobalSection(SolutionConfigurationPlatforms) = preSolution
		Debug|Any CPU = Debug|Any CPU
		Release|Any CPU = Release|Any CPU
	EndGlobalSection
	GlobalSection(ProjectConfigurationPlatforms) = postSolution
		{A2004EA8-C6C8-4948-B3B8-98A60C006010}.Debug|Any CPU.ActiveCfg = Debug|Any CPU
		{A2004EA8-C6C8-4948-B3B8-98A60C006010}.Debug|Any CPU.Build.0 = Debug|Any CPU
		{A2004EA8-C6C8-4948-B3B8-98A60C006010}.Debug|Any CPU.Deploy.0 = Debug|Any CPU
		{A2004EA8-C6C8-4948-B3B8-98A60C006010}.Release|Any CPU.ActiveCfg = Release|Any CPU
		{A2004EA8-C6C8-4948-B3B8-98A60C006010}.Release|Any CPU.Build.0 = Release|Any CPU
		{A2004EA8-C6C8-4948-B3B8-98A60C006010}.Release|Any CPU.Deploy.0 = Release|Any CPU
		{464450E1-E4DB-4B3D-9BB1-0AEEDB371A96}.Debug|Any CPU.ActiveCfg = Debug|Any CPU
		{464450E1-E4DB-4B3D-9BB1-0AEEDB371A96}.Debug|Any CPU.Build.0 = Debug|Any CPU
		{464450E1-E4DB-4B3D-9BB1-0AEEDB371A96}.Release|Any CPU.ActiveCfg = Release|Any CPU
		{464450E1-E4DB-4B3D-9BB1-0AEEDB371A96}.Release|Any CPU.Build.0 = Release|Any CPU
	EndGlobalSection
	GlobalSection(SolutionProperties) = preSolution
		HideSolutionNode = FALSE
	EndGlobalSection
	GlobalSection(ExtensibilityGlobals) = postSolution
		SolutionGuid = {B784DAE1-B3AA-427A-9C73-A76CAB24881C}
	EndGlobalSection
EndGlobal
